// !$*UTF8*$!
{
	archiveVersion = 1;
	classes = {
	};
	objectVersion = 50;
	objects = {

/* Begin PBXBuildFile section */
		5175DB7A7C3F0053184A049B /* Pods_ShopkeeperTests.framework in Frameworks */ = {isa = PBXBuildFile; fileRef = 782926F8243F280A3BD86F57 /* Pods_ShopkeeperTests.framework */; };
		80E8652724A225530059C076 /* AppDelegate.swift in Sources */ = {isa = PBXBuildFile; fileRef = 80E8652624A225530059C076 /* AppDelegate.swift */; };
		80E8652924A225530059C076 /* SceneDelegate.swift in Sources */ = {isa = PBXBuildFile; fileRef = 80E8652824A225530059C076 /* SceneDelegate.swift */; };
		80E8652B24A225530059C076 /* ViewController.swift in Sources */ = {isa = PBXBuildFile; fileRef = 80E8652A24A225530059C076 /* ViewController.swift */; };
		80E8652E24A225530059C076 /* Main.storyboard in Resources */ = {isa = PBXBuildFile; fileRef = 80E8652C24A225530059C076 /* Main.storyboard */; };
		80E8653124A225530059C076 /* Shopkeeper.xcdatamodeld in Sources */ = {isa = PBXBuildFile; fileRef = 80E8652F24A225530059C076 /* Shopkeeper.xcdatamodeld */; };
		80E8653324A225550059C076 /* Assets.xcassets in Resources */ = {isa = PBXBuildFile; fileRef = 80E8653224A225550059C076 /* Assets.xcassets */; };
		80E8653624A225550059C076 /* LaunchScreen.storyboard in Resources */ = {isa = PBXBuildFile; fileRef = 80E8653424A225550059C076 /* LaunchScreen.storyboard */; };
		80E8654124A225560059C076 /* ShopkeeperTests.swift in Sources */ = {isa = PBXBuildFile; fileRef = 80E8654024A225560059C076 /* ShopkeeperTests.swift */; };
		C7F1BE628D7609FBD14A460F /* Pods_Shopkeeper.framework in Frameworks */ = {isa = PBXBuildFile; fileRef = 693C6BE6830E07572D6F47D4 /* Pods_Shopkeeper.framework */; };
/* End PBXBuildFile section */

/* Begin PBXContainerItemProxy section */
		80E8653D24A225560059C076 /* PBXContainerItemProxy */ = {
			isa = PBXContainerItemProxy;
			containerPortal = 80E8651B24A225530059C076 /* Project object */;
			proxyType = 1;
			remoteGlobalIDString = 80E8652224A225530059C076;
			remoteInfo = Shopkeeper;
		};
/* End PBXContainerItemProxy section */

/* Begin PBXFileReference section */
		054421B6DD64CC4816BDE655 /* Pods-Shopkeeper.release.xcconfig */ = {isa = PBXFileReference; includeInIndex = 1; lastKnownFileType = text.xcconfig; name = "Pods-Shopkeeper.release.xcconfig"; path = "Target Support Files/Pods-Shopkeeper/Pods-Shopkeeper.release.xcconfig"; sourceTree = "<group>"; };
		68E15CAC030318B0692D426A /* Pods-Shopkeeper.debug.xcconfig */ = {isa = PBXFileReference; includeInIndex = 1; lastKnownFileType = text.xcconfig; name = "Pods-Shopkeeper.debug.xcconfig"; path = "Target Support Files/Pods-Shopkeeper/Pods-Shopkeeper.debug.xcconfig"; sourceTree = "<group>"; };
		693C6BE6830E07572D6F47D4 /* Pods_Shopkeeper.framework */ = {isa = PBXFileReference; explicitFileType = wrapper.framework; includeInIndex = 0; path = Pods_Shopkeeper.framework; sourceTree = BUILT_PRODUCTS_DIR; };
		782926F8243F280A3BD86F57 /* Pods_ShopkeeperTests.framework */ = {isa = PBXFileReference; explicitFileType = wrapper.framework; includeInIndex = 0; path = Pods_ShopkeeperTests.framework; sourceTree = BUILT_PRODUCTS_DIR; };
		80E8652324A225530059C076 /* Shopkeeper.app */ = {isa = PBXFileReference; explicitFileType = wrapper.application; includeInIndex = 0; path = Shopkeeper.app; sourceTree = BUILT_PRODUCTS_DIR; };
		80E8652624A225530059C076 /* AppDelegate.swift */ = {isa = PBXFileReference; lastKnownFileType = sourcecode.swift; path = AppDelegate.swift; sourceTree = "<group>"; };
		80E8652824A225530059C076 /* SceneDelegate.swift */ = {isa = PBXFileReference; lastKnownFileType = sourcecode.swift; path = SceneDelegate.swift; sourceTree = "<group>"; };
		80E8652A24A225530059C076 /* ViewController.swift */ = {isa = PBXFileReference; lastKnownFileType = sourcecode.swift; path = ViewController.swift; sourceTree = "<group>"; };
		80E8652D24A225530059C076 /* Base */ = {isa = PBXFileReference; lastKnownFileType = file.storyboard; name = Base; path = Base.lproj/Main.storyboard; sourceTree = "<group>"; };
		80E8653024A225530059C076 /* Shopkeeper.xcdatamodel */ = {isa = PBXFileReference; lastKnownFileType = wrapper.xcdatamodel; path = Shopkeeper.xcdatamodel; sourceTree = "<group>"; };
		80E8653224A225550059C076 /* Assets.xcassets */ = {isa = PBXFileReference; lastKnownFileType = folder.assetcatalog; path = Assets.xcassets; sourceTree = "<group>"; };
		80E8653524A225550059C076 /* Base */ = {isa = PBXFileReference; lastKnownFileType = file.storyboard; name = Base; path = Base.lproj/LaunchScreen.storyboard; sourceTree = "<group>"; };
		80E8653724A225550059C076 /* Info.plist */ = {isa = PBXFileReference; lastKnownFileType = text.plist.xml; path = Info.plist; sourceTree = "<group>"; };
		80E8653C24A225560059C076 /* ShopkeeperTests.xctest */ = {isa = PBXFileReference; explicitFileType = wrapper.cfbundle; includeInIndex = 0; path = ShopkeeperTests.xctest; sourceTree = BUILT_PRODUCTS_DIR; };
		80E8654024A225560059C076 /* ShopkeeperTests.swift */ = {isa = PBXFileReference; lastKnownFileType = sourcecode.swift; path = ShopkeeperTests.swift; sourceTree = "<group>"; };
		80E8654224A225560059C076 /* Info.plist */ = {isa = PBXFileReference; lastKnownFileType = text.plist.xml; path = Info.plist; sourceTree = "<group>"; };
		AC4D2F77F9F797BEC17AF2B2 /* Pods-ShopkeeperTests.release.xcconfig */ = {isa = PBXFileReference; includeInIndex = 1; lastKnownFileType = text.xcconfig; name = "Pods-ShopkeeperTests.release.xcconfig"; path = "Target Support Files/Pods-ShopkeeperTests/Pods-ShopkeeperTests.release.xcconfig"; sourceTree = "<group>"; };
		DB5DD612D37EA68D2E1810A0 /* Pods-ShopkeeperTests.debug.xcconfig */ = {isa = PBXFileReference; includeInIndex = 1; lastKnownFileType = text.xcconfig; name = "Pods-ShopkeeperTests.debug.xcconfig"; path = "Target Support Files/Pods-ShopkeeperTests/Pods-ShopkeeperTests.debug.xcconfig"; sourceTree = "<group>"; };
/* End PBXFileReference section */

/* Begin PBXFrameworksBuildPhase section */
		80E8652024A225530059C076 /* Frameworks */ = {
			isa = PBXFrameworksBuildPhase;
			buildActionMask = 2147483647;
			files = (
				C7F1BE628D7609FBD14A460F /* Pods_Shopkeeper.framework in Frameworks */,
			);
			runOnlyForDeploymentPostprocessing = 0;
		};
		80E8653924A225560059C076 /* Frameworks */ = {
			isa = PBXFrameworksBuildPhase;
			buildActionMask = 2147483647;
			files = (
				5175DB7A7C3F0053184A049B /* Pods_ShopkeeperTests.framework in Frameworks */,
			);
			runOnlyForDeploymentPostprocessing = 0;
		};
/* End PBXFrameworksBuildPhase section */

/* Begin PBXGroup section */
		2ADA89D1EA8BC7918BB3FBCB /* Pods */ = {
			isa = PBXGroup;
			children = (
				68E15CAC030318B0692D426A /* Pods-Shopkeeper.debug.xcconfig */,
				054421B6DD64CC4816BDE655 /* Pods-Shopkeeper.release.xcconfig */,
				DB5DD612D37EA68D2E1810A0 /* Pods-ShopkeeperTests.debug.xcconfig */,
				AC4D2F77F9F797BEC17AF2B2 /* Pods-ShopkeeperTests.release.xcconfig */,
			);
			name = Pods;
			path = Pods;
			sourceTree = "<group>";
		};
		80E8651A24A225530059C076 = {
			isa = PBXGroup;
			children = (
				80E8652524A225530059C076 /* Shopkeeper */,
				80E8653F24A225560059C076 /* ShopkeeperTests */,
				80E8652424A225530059C076 /* Products */,
				2ADA89D1EA8BC7918BB3FBCB /* Pods */,
				F6FAEE1643097956AFA31AC2 /* Frameworks */,
			);
			sourceTree = "<group>";
		};
		80E8652424A225530059C076 /* Products */ = {
			isa = PBXGroup;
			children = (
				80E8652324A225530059C076 /* Shopkeeper.app */,
				80E8653C24A225560059C076 /* ShopkeeperTests.xctest */,
			);
			name = Products;
			sourceTree = "<group>";
		};
		80E8652524A225530059C076 /* Shopkeeper */ = {
			isa = PBXGroup;
			children = (
				80E8652624A225530059C076 /* AppDelegate.swift */,
				80E8652824A225530059C076 /* SceneDelegate.swift */,
				80E8652A24A225530059C076 /* ViewController.swift */,
				80E8652C24A225530059C076 /* Main.storyboard */,
				80E8653224A225550059C076 /* Assets.xcassets */,
				80E8653424A225550059C076 /* LaunchScreen.storyboard */,
				80E8653724A225550059C076 /* Info.plist */,
				80E8652F24A225530059C076 /* Shopkeeper.xcdatamodeld */,
			);
			path = Shopkeeper;
			sourceTree = "<group>";
		};
		80E8653F24A225560059C076 /* ShopkeeperTests */ = {
			isa = PBXGroup;
			children = (
				80E8654024A225560059C076 /* ShopkeeperTests.swift */,
				80E8654224A225560059C076 /* Info.plist */,
			);
			path = ShopkeeperTests;
			sourceTree = "<group>";
		};
		F6FAEE1643097956AFA31AC2 /* Frameworks */ = {
			isa = PBXGroup;
			children = (
				693C6BE6830E07572D6F47D4 /* Pods_Shopkeeper.framework */,
				782926F8243F280A3BD86F57 /* Pods_ShopkeeperTests.framework */,
			);
			name = Frameworks;
			sourceTree = "<group>";
		};
/* End PBXGroup section */

/* Begin PBXNativeTarget section */
		80E8652224A225530059C076 /* Shopkeeper */ = {
			isa = PBXNativeTarget;
			buildConfigurationList = 80E8654524A225560059C076 /* Build configuration list for PBXNativeTarget "Shopkeeper" */;
			buildPhases = (
				B722AA37AFBA401F8592B118 /* [CP] Check Pods Manifest.lock */,
				80E8651F24A225530059C076 /* Sources */,
				80E8652024A225530059C076 /* Frameworks */,
				80E8652124A225530059C076 /* Resources */,
			);
			buildRules = (
			);
			dependencies = (
			);
			name = Shopkeeper;
			productName = Shopkeeper;
			productReference = 80E8652324A225530059C076 /* Shopkeeper.app */;
			productType = "com.apple.product-type.application";
		};
		80E8653B24A225560059C076 /* ShopkeeperTests */ = {
			isa = PBXNativeTarget;
			buildConfigurationList = 80E8654824A225560059C076 /* Build configuration list for PBXNativeTarget "ShopkeeperTests" */;
			buildPhases = (
				60E10F5A4295690EF045CD49 /* [CP] Check Pods Manifest.lock */,
				80E8653824A225560059C076 /* Sources */,
				80E8653924A225560059C076 /* Frameworks */,
				80E8653A24A225560059C076 /* Resources */,
			);
			buildRules = (
			);
			dependencies = (
				80E8653E24A225560059C076 /* PBXTargetDependency */,
			);
			name = ShopkeeperTests;
			productName = ShopkeeperTests;
			productReference = 80E8653C24A225560059C076 /* ShopkeeperTests.xctest */;
			productType = "com.apple.product-type.bundle.unit-test";
		};
/* End PBXNativeTarget section */

/* Begin PBXProject section */
		80E8651B24A225530059C076 /* Project object */ = {
			isa = PBXProject;
			attributes = {
				LastSwiftUpdateCheck = 1130;
				LastUpgradeCheck = 1130;
				ORGANIZATIONNAME = "Vivek Gupta";
				TargetAttributes = {
					80E8652224A225530059C076 = {
						CreatedOnToolsVersion = 11.3.1;
					};
					80E8653B24A225560059C076 = {
						CreatedOnToolsVersion = 11.3.1;
						TestTargetID = 80E8652224A225530059C076;
					};
				};
			};
			buildConfigurationList = 80E8651E24A225530059C076 /* Build configuration list for PBXProject "Shopkeeper" */;
			compatibilityVersion = "Xcode 9.3";
			developmentRegion = en;
			hasScannedForEncodings = 0;
			knownRegions = (
				en,
				Base,
			);
			mainGroup = 80E8651A24A225530059C076;
			productRefGroup = 80E8652424A225530059C076 /* Products */;
			projectDirPath = "";
			projectRoot = "";
			targets = (
				80E8652224A225530059C076 /* Shopkeeper */,
				80E8653B24A225560059C076 /* ShopkeeperTests */,
			);
		};
/* End PBXProject section */

/* Begin PBXResourcesBuildPhase section */
		80E8652124A225530059C076 /* Resources */ = {
			isa = PBXResourcesBuildPhase;
			buildActionMask = 2147483647;
			files = (
				80E8653624A225550059C076 /* LaunchScreen.storyboard in Resources */,
				80E8653324A225550059C076 /* Assets.xcassets in Resources */,
				80E8652E24A225530059C076 /* Main.storyboard in Resources */,
			);
			runOnlyForDeploymentPostprocessing = 0;
		};
		80E8653A24A225560059C076 /* Resources */ = {
			isa = PBXResourcesBuildPhase;
			buildActionMask = 2147483647;
			files = (
			);
			runOnlyForDeploymentPostprocessing = 0;
		};
/* End PBXResourcesBuildPhase section */

/* Begin PBXShellScriptBuildPhase section */
		60E10F5A4295690EF045CD49 /* [CP] Check Pods Manifest.lock */ = {
			isa = PBXShellScriptBuildPhase;
			buildActionMask = 2147483647;
			files = (
			);
			inputFileListPaths = (
			);
			inputPaths = (
				"${PODS_PODFILE_DIR_PATH}/Podfile.lock",
				"${PODS_ROOT}/Manifest.lock",
			);
			name = "[CP] Check Pods Manifest.lock";
			outputFileListPaths = (
			);
			outputPaths = (
				"$(DERIVED_FILE_DIR)/Pods-ShopkeeperTests-checkManifestLockResult.txt",
			);
			runOnlyForDeploymentPostprocessing = 0;
			shellPath = /bin/sh;
			shellScript = "diff \"${PODS_PODFILE_DIR_PATH}/Podfile.lock\" \"${PODS_ROOT}/Manifest.lock\" > /dev/null\nif [ $? != 0 ] ; then\n    # print error to STDERR\n    echo \"error: The sandbox is not in sync with the Podfile.lock. Run 'pod install' or update your CocoaPods installation.\" >&2\n    exit 1\nfi\n# This output is used by Xcode 'outputs' to avoid re-running this script phase.\necho \"SUCCESS\" > \"${SCRIPT_OUTPUT_FILE_0}\"\n";
			showEnvVarsInLog = 0;
		};
		B722AA37AFBA401F8592B118 /* [CP] Check Pods Manifest.lock */ = {
			isa = PBXShellScriptBuildPhase;
			buildActionMask = 2147483647;
			files = (
			);
			inputFileListPaths = (
			);
			inputPaths = (
				"${PODS_PODFILE_DIR_PATH}/Podfile.lock",
				"${PODS_ROOT}/Manifest.lock",
			);
			name = "[CP] Check Pods Manifest.lock";
			outputFileListPaths = (
			);
			outputPaths = (
				"$(DERIVED_FILE_DIR)/Pods-Shopkeeper-checkManifestLockResult.txt",
			);
			runOnlyForDeploymentPostprocessing = 0;
			shellPath = /bin/sh;
			shellScript = "diff \"${PODS_PODFILE_DIR_PATH}/Podfile.lock\" \"${PODS_ROOT}/Manifest.lock\" > /dev/null\nif [ $? != 0 ] ; then\n    # print error to STDERR\n    echo \"error: The sandbox is not in sync with the Podfile.lock. Run 'pod install' or update your CocoaPods installation.\" >&2\n    exit 1\nfi\n# This output is used by Xcode 'outputs' to avoid re-running this script phase.\necho \"SUCCESS\" > \"${SCRIPT_OUTPUT_FILE_0}\"\n";
			showEnvVarsInLog = 0;
		};
/* End PBXShellScriptBuildPhase section */

/* Begin PBXSourcesBuildPhase section */
		80E8651F24A225530059C076 /* Sources */ = {
			isa = PBXSourcesBuildPhase;
			buildActionMask = 2147483647;
			files = (
				80E8652B24A225530059C076 /* ViewController.swift in Sources */,
				80E8653124A225530059C076 /* Shopkeeper.xcdatamodeld in Sources */,
				80E8652724A225530059C076 /* AppDelegate.swift in Sources */,
				80E8652924A225530059C076 /* SceneDelegate.swift in Sources */,
			);
			runOnlyForDeploymentPostprocessing = 0;
		};
		80E8653824A225560059C076 /* Sources */ = {
			isa = PBXSourcesBuildPhase;
			buildActionMask = 2147483647;
			files = (
				80E8654124A225560059C076 /* ShopkeeperTests.swift in Sources */,
			);
			runOnlyForDeploymentPostprocessing = 0;
		};
/* End PBXSourcesBuildPhase section */

/* Begin PBXTargetDependency section */
		80E8653E24A225560059C076 /* PBXTargetDependency */ = {
			isa = PBXTargetDependency;
			target = 80E8652224A225530059C076 /* Shopkeeper */;
			targetProxy = 80E8653D24A225560059C076 /* PBXContainerItemProxy */;
		};
/* End PBXTargetDependency section */

/* Begin PBXVariantGroup section */
		80E8652C24A225530059C076 /* Main.storyboard */ = {
			isa = PBXVariantGroup;
			children = (
				80E8652D24A225530059C076 /* Base */,
			);
			name = Main.storyboard;
			sourceTree = "<group>";
		};
		80E8653424A225550059C076 /* LaunchScreen.storyboard */ = {
			isa = PBXVariantGroup;
			children = (
				80E8653524A225550059C076 /* Base */,
			);
			name = LaunchScreen.storyboard;
			sourceTree = "<group>";
		};
/* End PBXVariantGroup section */

/* Begin XCBuildConfiguration section */
		80E8654324A225560059C076 /* Debug */ = {
			isa = XCBuildConfiguration;
			buildSettings = {
				ALWAYS_SEARCH_USER_PATHS = NO;
				CLANG_ANALYZER_NONNULL = YES;
				CLANG_ANALYZER_NUMBER_OBJECT_CONVERSION = YES_AGGRESSIVE;
				CLANG_CXX_LANGUAGE_STANDARD = "gnu++14";
				CLANG_CXX_LIBRARY = "libc++";
				CLANG_ENABLE_MODULES = YES;
				CLANG_ENABLE_OBJC_ARC = YES;
				CLANG_ENABLE_OBJC_WEAK = YES;
				CLANG_WARN_BLOCK_CAPTURE_AUTORELEASING = YES;
				CLANG_WARN_BOOL_CONVERSION = YES;
				CLANG_WARN_COMMA = YES;
				CLANG_WARN_CONSTANT_CONVERSION = YES;
				CLANG_WARN_DEPRECATED_OBJC_IMPLEMENTATIONS = YES;
				CLANG_WARN_DIRECT_OBJC_ISA_USAGE = YES_ERROR;
				CLANG_WARN_DOCUMENTATION_COMMENTS = YES;
				CLANG_WARN_EMPTY_BODY = YES;
				CLANG_WARN_ENUM_CONVERSION = YES;
				CLANG_WARN_INFINITE_RECURSION = YES;
				CLANG_WARN_INT_CONVERSION = YES;
				CLANG_WARN_NON_LITERAL_NULL_CONVERSION = YES;
				CLANG_WARN_OBJC_IMPLICIT_RETAIN_SELF = YES;
				CLANG_WARN_OBJC_LITERAL_CONVERSION = YES;
				CLANG_WARN_OBJC_ROOT_CLASS = YES_ERROR;
				CLANG_WARN_RANGE_LOOP_ANALYSIS = YES;
				CLANG_WARN_STRICT_PROTOTYPES = YES;
				CLANG_WARN_SUSPICIOUS_MOVE = YES;
				CLANG_WARN_UNGUARDED_AVAILABILITY = YES_AGGRESSIVE;
				CLANG_WARN_UNREACHABLE_CODE = YES;
				CLANG_WARN__DUPLICATE_METHOD_MATCH = YES;
				COPY_PHASE_STRIP = NO;
				DEBUG_INFORMATION_FORMAT = dwarf;
				ENABLE_STRICT_OBJC_MSGSEND = YES;
				ENABLE_TESTABILITY = YES;
				GCC_C_LANGUAGE_STANDARD = gnu11;
				GCC_DYNAMIC_NO_PIC = NO;
				GCC_NO_COMMON_BLOCKS = YES;
				GCC_OPTIMIZATION_LEVEL = 0;
				GCC_PREPROCESSOR_DEFINITIONS = (
					"DEBUG=1",
					"$(inherited)",
				);
				GCC_WARN_64_TO_32_BIT_CONVERSION = YES;
				GCC_WARN_ABOUT_RETURN_TYPE = YES_ERROR;
				GCC_WARN_UNDECLARED_SELECTOR = YES;
				GCC_WARN_UNINITIALIZED_AUTOS = YES_AGGRESSIVE;
				GCC_WARN_UNUSED_FUNCTION = YES;
				GCC_WARN_UNUSED_VARIABLE = YES;
				IPHONEOS_DEPLOYMENT_TARGET = 13.2;
				MTL_ENABLE_DEBUG_INFO = INCLUDE_SOURCE;
				MTL_FAST_MATH = YES;
				ONLY_ACTIVE_ARCH = YES;
				SDKROOT = iphoneos;
				SWIFT_ACTIVE_COMPILATION_CONDITIONS = DEBUG;
				SWIFT_OPTIMIZATION_LEVEL = "-Onone";
			};
			name = Debug;
		};
		80E8654424A225560059C076 /* Release */ = {
			isa = XCBuildConfiguration;
			buildSettings = {
				ALWAYS_SEARCH_USER_PATHS = NO;
				CLANG_ANALYZER_NONNULL = YES;
				CLANG_ANALYZER_NUMBER_OBJECT_CONVERSION = YES_AGGRESSIVE;
				CLANG_CXX_LANGUAGE_STANDARD = "gnu++14";
				CLANG_CXX_LIBRARY = "libc++";
				CLANG_ENABLE_MODULES = YES;
				CLANG_ENABLE_OBJC_ARC = YES;
				CLANG_ENABLE_OBJC_WEAK = YES;
				CLANG_WARN_BLOCK_CAPTURE_AUTORELEASING = YES;
				CLANG_WARN_BOOL_CONVERSION = YES;
				CLANG_WARN_COMMA = YES;
				CLANG_WARN_CONSTANT_CONVERSION = YES;
				CLANG_WARN_DEPRECATED_OBJC_IMPLEMENTATIONS = YES;
				CLANG_WARN_DIRECT_OBJC_ISA_USAGE = YES_ERROR;
				CLANG_WARN_DOCUMENTATION_COMMENTS = YES;
				CLANG_WARN_EMPTY_BODY = YES;
				CLANG_WARN_ENUM_CONVERSION = YES;
				CLANG_WARN_INFINITE_RECURSION = YES;
				CLANG_WARN_INT_CONVERSION = YES;
				CLANG_WARN_NON_LITERAL_NULL_CONVERSION = YES;
				CLANG_WARN_OBJC_IMPLICIT_RETAIN_SELF = YES;
				CLANG_WARN_OBJC_LITERAL_CONVERSION = YES;
				CLANG_WARN_OBJC_ROOT_CLASS = YES_ERROR;
				CLANG_WARN_RANGE_LOOP_ANALYSIS = YES;
				CLANG_WARN_STRICT_PROTOTYPES = YES;
				CLANG_WARN_SUSPICIOUS_MOVE = YES;
				CLANG_WARN_UNGUARDED_AVAILABILITY = YES_AGGRESSIVE;
				CLANG_WARN_UNREACHABLE_CODE = YES;
				CLANG_WARN__DUPLICATE_METHOD_MATCH = YES;
				COPY_PHASE_STRIP = NO;
				DEBUG_INFORMATION_FORMAT = "dwarf-with-dsym";
				ENABLE_NS_ASSERTIONS = NO;
				ENABLE_STRICT_OBJC_MSGSEND = YES;
				GCC_C_LANGUAGE_STANDARD = gnu11;
				GCC_NO_COMMON_BLOCKS = YES;
				GCC_WARN_64_TO_32_BIT_CONVERSION = YES;
				GCC_WARN_ABOUT_RETURN_TYPE = YES_ERROR;
				GCC_WARN_UNDECLARED_SELECTOR = YES;
				GCC_WARN_UNINITIALIZED_AUTOS = YES_AGGRESSIVE;
				GCC_WARN_UNUSED_FUNCTION = YES;
				GCC_WARN_UNUSED_VARIABLE = YES;
				IPHONEOS_DEPLOYMENT_TARGET = 13.2;
				MTL_ENABLE_DEBUG_INFO = NO;
				MTL_FAST_MATH = YES;
				SDKROOT = iphoneos;
				SWIFT_COMPILATION_MODE = wholemodule;
				SWIFT_OPTIMIZATION_LEVEL = "-O";
				VALIDATE_PRODUCT = YES;
			};
			name = Release;
		};
		80E8654624A225560059C076 /* Debug */ = {
			isa = XCBuildConfiguration;
			baseConfigurationReference = 68E15CAC030318B0692D426A /* Pods-Shopkeeper.debug.xcconfig */;
			buildSettings = {
				ASSETCATALOG_COMPILER_APPICON_NAME = AppIcon;
				CODE_SIGN_STYLE = Automatic;
				INFOPLIST_FILE = Shopkeeper/Info.plist;
				LD_RUNPATH_SEARCH_PATHS = (
					"$(inherited)",
					"@executable_path/Frameworks",
				);
				PRODUCT_BUNDLE_IDENTIFIER = com.raweng.sandbox.Shopkeeper;
				PRODUCT_NAME = "$(TARGET_NAME)";
				SWIFT_VERSION = 5.0;
				TARGETED_DEVICE_FAMILY = "1,2";
			};
			name = Debug;
		};
		80E8654724A225560059C076 /* Release */ = {
			isa = XCBuildConfiguration;
			baseConfigurationReference = 054421B6DD64CC4816BDE655 /* Pods-Shopkeeper.release.xcconfig */;
			buildSettings = {
				ASSETCATALOG_COMPILER_APPICON_NAME = AppIcon;
				CODE_SIGN_STYLE = Automatic;
				INFOPLIST_FILE = Shopkeeper/Info.plist;
				LD_RUNPATH_SEARCH_PATHS = (
					"$(inherited)",
					"@executable_path/Frameworks",
				);
				PRODUCT_BUNDLE_IDENTIFIER = com.raweng.sandbox.Shopkeeper;
				PRODUCT_NAME = "$(TARGET_NAME)";
				SWIFT_VERSION = 5.0;
				TARGETED_DEVICE_FAMILY = "1,2";
			};
			name = Release;
		};
		80E8654924A225560059C076 /* Debug */ = {
			isa = XCBuildConfiguration;
			baseConfigurationReference = DB5DD612D37EA68D2E1810A0 /* Pods-ShopkeeperTests.debug.xcconfig */;
			buildSettings = {
				ALWAYS_EMBED_SWIFT_STANDARD_LIBRARIES = YES;
				BUNDLE_LOADER = "$(TEST_HOST)";
				CODE_SIGN_STYLE = Automatic;
				INFOPLIST_FILE = ShopkeeperTests/Info.plist;
				IPHONEOS_DEPLOYMENT_TARGET = 13.2;
				LD_RUNPATH_SEARCH_PATHS = (
					"$(inherited)",
					"@executable_path/Frameworks",
					"@loader_path/Frameworks",
				);
				PRODUCT_BUNDLE_IDENTIFIER = com.raweng.sandbox.ShopkeeperTests;
				PRODUCT_NAME = "$(TARGET_NAME)";
				SWIFT_VERSION = 5.0;
				TARGETED_DEVICE_FAMILY = "1,2";
				TEST_HOST = "$(BUILT_PRODUCTS_DIR)/Shopkeeper.app/Shopkeeper";
			};
			name = Debug;
		};
		80E8654A24A225560059C076 /* Release */ = {
			isa = XCBuildConfiguration;
			baseConfigurationReference = AC4D2F77F9F797BEC17AF2B2 /* Pods-ShopkeeperTests.release.xcconfig */;
			buildSettings = {
				ALWAYS_EMBED_SWIFT_STANDARD_LIBRARIES = YES;
				BUNDLE_LOADER = "$(TEST_HOST)";
				CODE_SIGN_STYLE = Automatic;
				INFOPLIST_FILE = ShopkeeperTests/Info.plist;
				IPHONEOS_DEPLOYMENT_TARGET = 13.2;
				LD_RUNPATH_SEARCH_PATHS = (
					"$(inherited)",
					"@executable_path/Frameworks",
					"@loader_path/Frameworks",
				);
				PRODUCT_BUNDLE_IDENTIFIER = com.raweng.sandbox.ShopkeeperTests;
				PRODUCT_NAME = "$(TARGET_NAME)";
				SWIFT_VERSION = 5.0;
				TARGETED_DEVICE_FAMILY = "1,2";
				TEST_HOST = "$(BUILT_PRODUCTS_DIR)/Shopkeeper.app/Shopkeeper";
			};
			name = Release;
		};
/* End XCBuildConfiguration section */

/* Begin XCConfigurationList section */
		80E8651E24A225530059C076 /* Build configuration list for PBXProject "Shopkeeper" */ = {
			isa = XCConfigurationList;
			buildConfigurations = (
				80E8654324A225560059C076 /* Debug */,
				80E8654424A225560059C076 /* Release */,
			);
			defaultConfigurationIsVisible = 0;
			defaultConfigurationName = Release;
		};
		80E8654524A225560059C076 /* Build configuration list for PBXNativeTarget "Shopkeeper" */ = {
			isa = XCConfigurationList;
			buildConfigurations = (
				80E8654624A225560059C076 /* Debug */,
				80E8654724A225560059C076 /* Release */,
			);
			defaultConfigurationIsVisible = 0;
			defaultConfigurationName = Release;
		};
		80E8654824A225560059C076 /* Build configuration list for PBXNativeTarget "ShopkeeperTests" */ = {
			isa = XCConfigurationList;
			buildConfigurations = (
				80E8654924A225560059C076 /* Debug */,
				80E8654A24A225560059C076 /* Release */,
			);
			defaultConfigurationIsVisible = 0;
			defaultConfigurationName = Release;
		};
/* End XCConfigurationList section */

/* Begin XCVersionGroup section */
		80E8652F24A225530059C076 /* Shopkeeper.xcdatamodeld */ = {
			isa = XCVersionGroup;
			children = (
				80E8653024A225530059C076 /* Shopkeeper.xcdatamodel */,
			);
			currentVersion = 80E8653024A225530059C076 /* Shopkeeper.xcdatamodel */;
			path = Shopkeeper.xcdatamodeld;
			sourceTree = "<group>";
			versionGroupType = wrapper.xcdatamodel;
		};
/* End XCVersionGroup section */
	};
	rootObject = 80E8651B24A225530059C076 /* Project object */;
}
