// !$*UTF8*$!
{
	archiveVersion = 1;
	classes = {
	};
	objectVersion = 50;
	objects = {

/* Begin PBXBuildFile section */
		5175DB7A7C3F0053184A049B /* Pods_ShopkeeperTests.framework in Frameworks */ = {isa = PBXBuildFile; fileRef = 782926F8243F280A3BD86F57 /* Pods_ShopkeeperTests.framework */; };
		80E8652724A225530059C076 /* AppDelegate.swift in Sources */ = {isa = PBXBuildFile; fileRef = 80E8652624A225530059C076 /* AppDelegate.swift */; };
		80E8652924A225530059C076 /* SceneDelegate.swift in Sources */ = {isa = PBXBuildFile; fileRef = 80E8652824A225530059C076 /* SceneDelegate.swift */; };
		80E8653124A225530059C076 /* Shopkeeper.xcdatamodeld in Sources */ = {isa = PBXBuildFile; fileRef = 80E8652F24A225530059C076 /* Shopkeeper.xcdatamodeld */; };
		80E8653324A225550059C076 /* Assets.xcassets in Resources */ = {isa = PBXBuildFile; fileRef = 80E8653224A225550059C076 /* Assets.xcassets */; };
		80E8653624A225550059C076 /* LaunchScreen.storyboard in Resources */ = {isa = PBXBuildFile; fileRef = 80E8653424A225550059C076 /* LaunchScreen.storyboard */; };
		80E8654124A225560059C076 /* ShopkeeperTests.swift in Sources */ = {isa = PBXBuildFile; fileRef = 80E8654024A225560059C076 /* ShopkeeperTests.swift */; };
		80EEA2D424A6343200F3250E /* APIResponseType.swift in Sources */ = {isa = PBXBuildFile; fileRef = 80EEA2C824A6343200F3250E /* APIResponseType.swift */; };
		80EEA2D524A6343200F3250E /* IAPIs.swift in Sources */ = {isa = PBXBuildFile; fileRef = 80EEA2C924A6343200F3250E /* IAPIs.swift */; };
		80EEA2D624A6343200F3250E /* HTTPClient.swift in Sources */ = {isa = PBXBuildFile; fileRef = 80EEA2CB24A6343200F3250E /* HTTPClient.swift */; };
		80EEA2D724A6343200F3250E /* ServiceManager.swift in Sources */ = {isa = PBXBuildFile; fileRef = 80EEA2CC24A6343200F3250E /* ServiceManager.swift */; };
		80EEA2D824A6343200F3250E /* IHttpRequestGenerator.swift in Sources */ = {isa = PBXBuildFile; fileRef = 80EEA2CD24A6343200F3250E /* IHttpRequestGenerator.swift */; };
		80EEA2D924A6343200F3250E /* ProductAPIResource.swift in Sources */ = {isa = PBXBuildFile; fileRef = 80EEA2CF24A6343200F3250E /* ProductAPIResource.swift */; };
		80EEA2DA24A6343200F3250E /* IAPIResource.swift in Sources */ = {isa = PBXBuildFile; fileRef = 80EEA2D024A6343200F3250E /* IAPIResource.swift */; };
		80EEA2DB24A6343200F3250E /* INetworkRequestible.swift in Sources */ = {isa = PBXBuildFile; fileRef = 80EEA2D124A6343200F3250E /* INetworkRequestible.swift */; };
		80EEA2DC24A6343200F3250E /* URLProtocolMock.swift in Sources */ = {isa = PBXBuildFile; fileRef = 80EEA2D224A6343200F3250E /* URLProtocolMock.swift */; };
		80EEA2DD24A6343200F3250E /* URLSession+Additions.swift in Sources */ = {isa = PBXBuildFile; fileRef = 80EEA2D324A6343200F3250E /* URLSession+Additions.swift */; };
		80EEA2E024A634C200F3250E /* CategoryRankingAPIResponse.swift in Sources */ = {isa = PBXBuildFile; fileRef = 80EEA2DF24A634C200F3250E /* CategoryRankingAPIResponse.swift */; };
		80EF8A4024A6620D008B0A3F /* CoreDataManager.swift in Sources */ = {isa = PBXBuildFile; fileRef = 80EF8A3E24A6620C008B0A3F /* CoreDataManager.swift */; };
		80EF8A4124A6620D008B0A3F /* CoreDataOperations.swift in Sources */ = {isa = PBXBuildFile; fileRef = 80EF8A3F24A6620C008B0A3F /* CoreDataOperations.swift */; };
		80EF8A4F24A662BC008B0A3F /* Category+CoreDataProperties.swift in Sources */ = {isa = PBXBuildFile; fileRef = 80EF8A4324A662BB008B0A3F /* Category+CoreDataProperties.swift */; };
		80EF8A5024A662BC008B0A3F /* Product+CoreDataClass.swift in Sources */ = {isa = PBXBuildFile; fileRef = 80EF8A4424A662BB008B0A3F /* Product+CoreDataClass.swift */; };
		80EF8A5124A662BC008B0A3F /* Product+CoreDataProperties.swift in Sources */ = {isa = PBXBuildFile; fileRef = 80EF8A4524A662BB008B0A3F /* Product+CoreDataProperties.swift */; };
		80EF8A5224A662BC008B0A3F /* Ranking+CoreDataClass.swift in Sources */ = {isa = PBXBuildFile; fileRef = 80EF8A4624A662BB008B0A3F /* Ranking+CoreDataClass.swift */; };
		80EF8A5324A662BC008B0A3F /* Tax+CoreDataClass.swift in Sources */ = {isa = PBXBuildFile; fileRef = 80EF8A4724A662BB008B0A3F /* Tax+CoreDataClass.swift */; };
		80EF8A5424A662BC008B0A3F /* Variants+CoreDataProperties.swift in Sources */ = {isa = PBXBuildFile; fileRef = 80EF8A4824A662BB008B0A3F /* Variants+CoreDataProperties.swift */; };
		80EF8A5524A662BC008B0A3F /* Variants+CoreDataClass.swift in Sources */ = {isa = PBXBuildFile; fileRef = 80EF8A4924A662BB008B0A3F /* Variants+CoreDataClass.swift */; };
		80EF8A5624A662BC008B0A3F /* Category+CoreDataClass.swift in Sources */ = {isa = PBXBuildFile; fileRef = 80EF8A4A24A662BB008B0A3F /* Category+CoreDataClass.swift */; };
		80EF8A5724A662BC008B0A3F /* Tax+CoreDataProperties.swift in Sources */ = {isa = PBXBuildFile; fileRef = 80EF8A4B24A662BB008B0A3F /* Tax+CoreDataProperties.swift */; };
		80EF8A5824A662BC008B0A3F /* ChildCategory+CoreDataClass.swift in Sources */ = {isa = PBXBuildFile; fileRef = 80EF8A4C24A662BB008B0A3F /* ChildCategory+CoreDataClass.swift */; };
		80EF8A5924A662BC008B0A3F /* ChildCategory+CoreDataProperties.swift in Sources */ = {isa = PBXBuildFile; fileRef = 80EF8A4D24A662BB008B0A3F /* ChildCategory+CoreDataProperties.swift */; };
		80EF8A5A24A662BC008B0A3F /* Ranking+CoreDataProperties.swift in Sources */ = {isa = PBXBuildFile; fileRef = 80EF8A4E24A662BB008B0A3F /* Ranking+CoreDataProperties.swift */; };
		80EF8A5D24A6631F008B0A3F /* Helper.swift in Sources */ = {isa = PBXBuildFile; fileRef = 80EF8A5C24A6631F008B0A3F /* Helper.swift */; };
		80EFE92424A71C2100CF03A1 /* HomeViewModel.swift in Sources */ = {isa = PBXBuildFile; fileRef = 80EFE91524A71C2100CF03A1 /* HomeViewModel.swift */; };
		80EFE92524A71C2100CF03A1 /* HomeNavigatorProtocol.swift in Sources */ = {isa = PBXBuildFile; fileRef = 80EFE91724A71C2100CF03A1 /* HomeNavigatorProtocol.swift */; };
		80EFE92624A71C2100CF03A1 /* HomeViewController.swift in Sources */ = {isa = PBXBuildFile; fileRef = 80EFE91824A71C2100CF03A1 /* HomeViewController.swift */; };
		80EFE92724A71C2100CF03A1 /* TrendingHeaderCollectionViewCell.xib in Resources */ = {isa = PBXBuildFile; fileRef = 80EFE91A24A71C2100CF03A1 /* TrendingHeaderCollectionViewCell.xib */; };
		80EFE92824A71C2100CF03A1 /* DataSources.swift in Sources */ = {isa = PBXBuildFile; fileRef = 80EFE91B24A71C2100CF03A1 /* DataSources.swift */; };
		80EFE92924A71C2100CF03A1 /* TrendingContentCollectionViewCell.swift in Sources */ = {isa = PBXBuildFile; fileRef = 80EFE91C24A71C2100CF03A1 /* TrendingContentCollectionViewCell.swift */; };
		80EFE92A24A71C2100CF03A1 /* TrendingHeaderCollectionViewCell.swift in Sources */ = {isa = PBXBuildFile; fileRef = 80EFE91D24A71C2100CF03A1 /* TrendingHeaderCollectionViewCell.swift */; };
		80EFE92B24A71C2100CF03A1 /* TrendingContentCollectionViewCell.xib in Resources */ = {isa = PBXBuildFile; fileRef = 80EFE91E24A71C2100CF03A1 /* TrendingContentCollectionViewCell.xib */; };
		80EFE92C24A71C2100CF03A1 /* CategoryCollectionViewCell.swift in Sources */ = {isa = PBXBuildFile; fileRef = 80EFE92024A71C2100CF03A1 /* CategoryCollectionViewCell.swift */; };
		80EFE92D24A71C2100CF03A1 /* CategoryHeaderView.swift in Sources */ = {isa = PBXBuildFile; fileRef = 80EFE92124A71C2100CF03A1 /* CategoryHeaderView.swift */; };
		80EFE92E24A71C2100CF03A1 /* CategoryCollectionViewCell.xib in Resources */ = {isa = PBXBuildFile; fileRef = 80EFE92224A71C2100CF03A1 /* CategoryCollectionViewCell.xib */; };
		80EFE92F24A71C2100CF03A1 /* CategoryHeaderView.xib in Resources */ = {isa = PBXBuildFile; fileRef = 80EFE92324A71C2100CF03A1 /* CategoryHeaderView.xib */; };
		80EFE95224A7757F00CF03A1 /* UIColor.swift in Sources */ = {isa = PBXBuildFile; fileRef = 80EFE94F24A7757F00CF03A1 /* UIColor.swift */; };
		80EFE95324A7757F00CF03A1 /* ConfigurableCell.swift in Sources */ = {isa = PBXBuildFile; fileRef = 80EFE95024A7757F00CF03A1 /* ConfigurableCell.swift */; };
		80EFE95424A7757F00CF03A1 /* NibLoabable.swift in Sources */ = {isa = PBXBuildFile; fileRef = 80EFE95124A7757F00CF03A1 /* NibLoabable.swift */; };
		80EFE95824A775C800CF03A1 /* GenericCollectionDataSource.swift in Sources */ = {isa = PBXBuildFile; fileRef = 80EFE95624A775C800CF03A1 /* GenericCollectionDataSource.swift */; };
		80EFE95924A775C800CF03A1 /* CollectionArrayDataSource.swift in Sources */ = {isa = PBXBuildFile; fileRef = 80EFE95724A775C800CF03A1 /* CollectionArrayDataSource.swift */; };
		80EFE95C24A7761800CF03A1 /* CategoryProductViewModel.swift in Sources */ = {isa = PBXBuildFile; fileRef = 80EFE95B24A7761800CF03A1 /* CategoryProductViewModel.swift */; };
		80EFE95E24A7769F00CF03A1 /* Main.storyboard in Resources */ = {isa = PBXBuildFile; fileRef = 80EFE95D24A7769F00CF03A1 /* Main.storyboard */; };
		C7F1BE628D7609FBD14A460F /* Pods_Shopkeeper.framework in Frameworks */ = {isa = PBXBuildFile; fileRef = 693C6BE6830E07572D6F47D4 /* Pods_Shopkeeper.framework */; };
/* End PBXBuildFile section */

/* Begin PBXContainerItemProxy section */
		80E8653D24A225560059C076 /* PBXContainerItemProxy */ = {
			isa = PBXContainerItemProxy;
			containerPortal = 80E8651B24A225530059C076 /* Project object */;
			proxyType = 1;
			remoteGlobalIDString = 80E8652224A225530059C076;
			remoteInfo = Shopkeeper;
		};
/* End PBXContainerItemProxy section */

/* Begin PBXFileReference section */
		054421B6DD64CC4816BDE655 /* Pods-Shopkeeper.release.xcconfig */ = {isa = PBXFileReference; includeInIndex = 1; lastKnownFileType = text.xcconfig; name = "Pods-Shopkeeper.release.xcconfig"; path = "Target Support Files/Pods-Shopkeeper/Pods-Shopkeeper.release.xcconfig"; sourceTree = "<group>"; };
		68E15CAC030318B0692D426A /* Pods-Shopkeeper.debug.xcconfig */ = {isa = PBXFileReference; includeInIndex = 1; lastKnownFileType = text.xcconfig; name = "Pods-Shopkeeper.debug.xcconfig"; path = "Target Support Files/Pods-Shopkeeper/Pods-Shopkeeper.debug.xcconfig"; sourceTree = "<group>"; };
		693C6BE6830E07572D6F47D4 /* Pods_Shopkeeper.framework */ = {isa = PBXFileReference; explicitFileType = wrapper.framework; includeInIndex = 0; path = Pods_Shopkeeper.framework; sourceTree = BUILT_PRODUCTS_DIR; };
		782926F8243F280A3BD86F57 /* Pods_ShopkeeperTests.framework */ = {isa = PBXFileReference; explicitFileType = wrapper.framework; includeInIndex = 0; path = Pods_ShopkeeperTests.framework; sourceTree = BUILT_PRODUCTS_DIR; };
		80E8652324A225530059C076 /* Shopkeeper.app */ = {isa = PBXFileReference; explicitFileType = wrapper.application; includeInIndex = 0; path = Shopkeeper.app; sourceTree = BUILT_PRODUCTS_DIR; };
		80E8652624A225530059C076 /* AppDelegate.swift */ = {isa = PBXFileReference; lastKnownFileType = sourcecode.swift; path = AppDelegate.swift; sourceTree = "<group>"; };
		80E8652824A225530059C076 /* SceneDelegate.swift */ = {isa = PBXFileReference; lastKnownFileType = sourcecode.swift; path = SceneDelegate.swift; sourceTree = "<group>"; };
		80E8653024A225530059C076 /* Shopkeeper.xcdatamodel */ = {isa = PBXFileReference; lastKnownFileType = wrapper.xcdatamodel; path = Shopkeeper.xcdatamodel; sourceTree = "<group>"; };
		80E8653224A225550059C076 /* Assets.xcassets */ = {isa = PBXFileReference; lastKnownFileType = folder.assetcatalog; path = Assets.xcassets; sourceTree = "<group>"; };
		80E8653524A225550059C076 /* Base */ = {isa = PBXFileReference; lastKnownFileType = file.storyboard; name = Base; path = Base.lproj/LaunchScreen.storyboard; sourceTree = "<group>"; };
		80E8653724A225550059C076 /* Info.plist */ = {isa = PBXFileReference; lastKnownFileType = text.plist.xml; path = Info.plist; sourceTree = "<group>"; };
		80E8653C24A225560059C076 /* ShopkeeperTests.xctest */ = {isa = PBXFileReference; explicitFileType = wrapper.cfbundle; includeInIndex = 0; path = ShopkeeperTests.xctest; sourceTree = BUILT_PRODUCTS_DIR; };
		80E8654024A225560059C076 /* ShopkeeperTests.swift */ = {isa = PBXFileReference; lastKnownFileType = sourcecode.swift; path = ShopkeeperTests.swift; sourceTree = "<group>"; };
		80E8654224A225560059C076 /* Info.plist */ = {isa = PBXFileReference; lastKnownFileType = text.plist.xml; path = Info.plist; sourceTree = "<group>"; };
		80EEA2C824A6343200F3250E /* APIResponseType.swift */ = {isa = PBXFileReference; fileEncoding = 4; lastKnownFileType = sourcecode.swift; path = APIResponseType.swift; sourceTree = "<group>"; };
		80EEA2C924A6343200F3250E /* IAPIs.swift */ = {isa = PBXFileReference; fileEncoding = 4; lastKnownFileType = sourcecode.swift; path = IAPIs.swift; sourceTree = "<group>"; };
		80EEA2CB24A6343200F3250E /* HTTPClient.swift */ = {isa = PBXFileReference; fileEncoding = 4; lastKnownFileType = sourcecode.swift; path = HTTPClient.swift; sourceTree = "<group>"; };
		80EEA2CC24A6343200F3250E /* ServiceManager.swift */ = {isa = PBXFileReference; fileEncoding = 4; lastKnownFileType = sourcecode.swift; path = ServiceManager.swift; sourceTree = "<group>"; };
		80EEA2CD24A6343200F3250E /* IHttpRequestGenerator.swift */ = {isa = PBXFileReference; fileEncoding = 4; lastKnownFileType = sourcecode.swift; path = IHttpRequestGenerator.swift; sourceTree = "<group>"; };
		80EEA2CF24A6343200F3250E /* ProductAPIResource.swift */ = {isa = PBXFileReference; fileEncoding = 4; lastKnownFileType = sourcecode.swift; path = ProductAPIResource.swift; sourceTree = "<group>"; };
		80EEA2D024A6343200F3250E /* IAPIResource.swift */ = {isa = PBXFileReference; fileEncoding = 4; lastKnownFileType = sourcecode.swift; path = IAPIResource.swift; sourceTree = "<group>"; };
		80EEA2D124A6343200F3250E /* INetworkRequestible.swift */ = {isa = PBXFileReference; fileEncoding = 4; lastKnownFileType = sourcecode.swift; path = INetworkRequestible.swift; sourceTree = "<group>"; };
		80EEA2D224A6343200F3250E /* URLProtocolMock.swift */ = {isa = PBXFileReference; fileEncoding = 4; lastKnownFileType = sourcecode.swift; path = URLProtocolMock.swift; sourceTree = "<group>"; };
		80EEA2D324A6343200F3250E /* URLSession+Additions.swift */ = {isa = PBXFileReference; fileEncoding = 4; lastKnownFileType = sourcecode.swift; path = "URLSession+Additions.swift"; sourceTree = "<group>"; };
		80EEA2DF24A634C200F3250E /* CategoryRankingAPIResponse.swift */ = {isa = PBXFileReference; fileEncoding = 4; lastKnownFileType = sourcecode.swift; path = CategoryRankingAPIResponse.swift; sourceTree = "<group>"; };
		80EF8A3E24A6620C008B0A3F /* CoreDataManager.swift */ = {isa = PBXFileReference; fileEncoding = 4; lastKnownFileType = sourcecode.swift; path = CoreDataManager.swift; sourceTree = "<group>"; };
		80EF8A3F24A6620C008B0A3F /* CoreDataOperations.swift */ = {isa = PBXFileReference; fileEncoding = 4; lastKnownFileType = sourcecode.swift; path = CoreDataOperations.swift; sourceTree = "<group>"; };
		80EF8A4324A662BB008B0A3F /* Category+CoreDataProperties.swift */ = {isa = PBXFileReference; fileEncoding = 4; lastKnownFileType = sourcecode.swift; path = "Category+CoreDataProperties.swift"; sourceTree = "<group>"; };
		80EF8A4424A662BB008B0A3F /* Product+CoreDataClass.swift */ = {isa = PBXFileReference; fileEncoding = 4; lastKnownFileType = sourcecode.swift; path = "Product+CoreDataClass.swift"; sourceTree = "<group>"; };
		80EF8A4524A662BB008B0A3F /* Product+CoreDataProperties.swift */ = {isa = PBXFileReference; fileEncoding = 4; lastKnownFileType = sourcecode.swift; path = "Product+CoreDataProperties.swift"; sourceTree = "<group>"; };
		80EF8A4624A662BB008B0A3F /* Ranking+CoreDataClass.swift */ = {isa = PBXFileReference; fileEncoding = 4; lastKnownFileType = sourcecode.swift; path = "Ranking+CoreDataClass.swift"; sourceTree = "<group>"; };
		80EF8A4724A662BB008B0A3F /* Tax+CoreDataClass.swift */ = {isa = PBXFileReference; fileEncoding = 4; lastKnownFileType = sourcecode.swift; path = "Tax+CoreDataClass.swift"; sourceTree = "<group>"; };
		80EF8A4824A662BB008B0A3F /* Variants+CoreDataProperties.swift */ = {isa = PBXFileReference; fileEncoding = 4; lastKnownFileType = sourcecode.swift; path = "Variants+CoreDataProperties.swift"; sourceTree = "<group>"; };
		80EF8A4924A662BB008B0A3F /* Variants+CoreDataClass.swift */ = {isa = PBXFileReference; fileEncoding = 4; lastKnownFileType = sourcecode.swift; path = "Variants+CoreDataClass.swift"; sourceTree = "<group>"; };
		80EF8A4A24A662BB008B0A3F /* Category+CoreDataClass.swift */ = {isa = PBXFileReference; fileEncoding = 4; lastKnownFileType = sourcecode.swift; path = "Category+CoreDataClass.swift"; sourceTree = "<group>"; };
		80EF8A4B24A662BB008B0A3F /* Tax+CoreDataProperties.swift */ = {isa = PBXFileReference; fileEncoding = 4; lastKnownFileType = sourcecode.swift; path = "Tax+CoreDataProperties.swift"; sourceTree = "<group>"; };
		80EF8A4C24A662BB008B0A3F /* ChildCategory+CoreDataClass.swift */ = {isa = PBXFileReference; fileEncoding = 4; lastKnownFileType = sourcecode.swift; path = "ChildCategory+CoreDataClass.swift"; sourceTree = "<group>"; };
		80EF8A4D24A662BB008B0A3F /* ChildCategory+CoreDataProperties.swift */ = {isa = PBXFileReference; fileEncoding = 4; lastKnownFileType = sourcecode.swift; path = "ChildCategory+CoreDataProperties.swift"; sourceTree = "<group>"; };
		80EF8A4E24A662BB008B0A3F /* Ranking+CoreDataProperties.swift */ = {isa = PBXFileReference; fileEncoding = 4; lastKnownFileType = sourcecode.swift; path = "Ranking+CoreDataProperties.swift"; sourceTree = "<group>"; };
		80EF8A5C24A6631F008B0A3F /* Helper.swift */ = {isa = PBXFileReference; fileEncoding = 4; lastKnownFileType = sourcecode.swift; path = Helper.swift; sourceTree = "<group>"; };
		80EFE91524A71C2100CF03A1 /* HomeViewModel.swift */ = {isa = PBXFileReference; fileEncoding = 4; lastKnownFileType = sourcecode.swift; path = HomeViewModel.swift; sourceTree = "<group>"; };
		80EFE91724A71C2100CF03A1 /* HomeNavigatorProtocol.swift */ = {isa = PBXFileReference; fileEncoding = 4; lastKnownFileType = sourcecode.swift; path = HomeNavigatorProtocol.swift; sourceTree = "<group>"; };
		80EFE91824A71C2100CF03A1 /* HomeViewController.swift */ = {isa = PBXFileReference; fileEncoding = 4; lastKnownFileType = sourcecode.swift; path = HomeViewController.swift; sourceTree = "<group>"; };
		80EFE91A24A71C2100CF03A1 /* TrendingHeaderCollectionViewCell.xib */ = {isa = PBXFileReference; fileEncoding = 4; lastKnownFileType = file.xib; path = TrendingHeaderCollectionViewCell.xib; sourceTree = "<group>"; };
		80EFE91B24A71C2100CF03A1 /* DataSources.swift */ = {isa = PBXFileReference; fileEncoding = 4; lastKnownFileType = sourcecode.swift; path = DataSources.swift; sourceTree = "<group>"; };
		80EFE91C24A71C2100CF03A1 /* TrendingContentCollectionViewCell.swift */ = {isa = PBXFileReference; fileEncoding = 4; lastKnownFileType = sourcecode.swift; path = TrendingContentCollectionViewCell.swift; sourceTree = "<group>"; };
		80EFE91D24A71C2100CF03A1 /* TrendingHeaderCollectionViewCell.swift */ = {isa = PBXFileReference; fileEncoding = 4; lastKnownFileType = sourcecode.swift; path = TrendingHeaderCollectionViewCell.swift; sourceTree = "<group>"; };
		80EFE91E24A71C2100CF03A1 /* TrendingContentCollectionViewCell.xib */ = {isa = PBXFileReference; fileEncoding = 4; lastKnownFileType = file.xib; path = TrendingContentCollectionViewCell.xib; sourceTree = "<group>"; };
		80EFE92024A71C2100CF03A1 /* CategoryCollectionViewCell.swift */ = {isa = PBXFileReference; fileEncoding = 4; lastKnownFileType = sourcecode.swift; path = CategoryCollectionViewCell.swift; sourceTree = "<group>"; };
		80EFE92124A71C2100CF03A1 /* CategoryHeaderView.swift */ = {isa = PBXFileReference; fileEncoding = 4; lastKnownFileType = sourcecode.swift; path = CategoryHeaderView.swift; sourceTree = "<group>"; };
		80EFE92224A71C2100CF03A1 /* CategoryCollectionViewCell.xib */ = {isa = PBXFileReference; fileEncoding = 4; lastKnownFileType = file.xib; path = CategoryCollectionViewCell.xib; sourceTree = "<group>"; };
		80EFE92324A71C2100CF03A1 /* CategoryHeaderView.xib */ = {isa = PBXFileReference; fileEncoding = 4; lastKnownFileType = file.xib; path = CategoryHeaderView.xib; sourceTree = "<group>"; };
		80EFE94F24A7757F00CF03A1 /* UIColor.swift */ = {isa = PBXFileReference; fileEncoding = 4; lastKnownFileType = sourcecode.swift; path = UIColor.swift; sourceTree = "<group>"; };
		80EFE95024A7757F00CF03A1 /* ConfigurableCell.swift */ = {isa = PBXFileReference; fileEncoding = 4; lastKnownFileType = sourcecode.swift; path = ConfigurableCell.swift; sourceTree = "<group>"; };
		80EFE95124A7757F00CF03A1 /* NibLoabable.swift */ = {isa = PBXFileReference; fileEncoding = 4; lastKnownFileType = sourcecode.swift; path = NibLoabable.swift; sourceTree = "<group>"; };
		80EFE95624A775C800CF03A1 /* GenericCollectionDataSource.swift */ = {isa = PBXFileReference; fileEncoding = 4; lastKnownFileType = sourcecode.swift; path = GenericCollectionDataSource.swift; sourceTree = "<group>"; };
		80EFE95724A775C800CF03A1 /* CollectionArrayDataSource.swift */ = {isa = PBXFileReference; fileEncoding = 4; lastKnownFileType = sourcecode.swift; path = CollectionArrayDataSource.swift; sourceTree = "<group>"; };
		80EFE95B24A7761800CF03A1 /* CategoryProductViewModel.swift */ = {isa = PBXFileReference; fileEncoding = 4; lastKnownFileType = sourcecode.swift; path = CategoryProductViewModel.swift; sourceTree = "<group>"; };
		80EFE95D24A7769F00CF03A1 /* Main.storyboard */ = {isa = PBXFileReference; fileEncoding = 4; lastKnownFileType = file.storyboard; path = Main.storyboard; sourceTree = "<group>"; };
		AC4D2F77F9F797BEC17AF2B2 /* Pods-ShopkeeperTests.release.xcconfig */ = {isa = PBXFileReference; includeInIndex = 1; lastKnownFileType = text.xcconfig; name = "Pods-ShopkeeperTests.release.xcconfig"; path = "Target Support Files/Pods-ShopkeeperTests/Pods-ShopkeeperTests.release.xcconfig"; sourceTree = "<group>"; };
		DB5DD612D37EA68D2E1810A0 /* Pods-ShopkeeperTests.debug.xcconfig */ = {isa = PBXFileReference; includeInIndex = 1; lastKnownFileType = text.xcconfig; name = "Pods-ShopkeeperTests.debug.xcconfig"; path = "Target Support Files/Pods-ShopkeeperTests/Pods-ShopkeeperTests.debug.xcconfig"; sourceTree = "<group>"; };
/* End PBXFileReference section */

/* Begin PBXFrameworksBuildPhase section */
		80E8652024A225530059C076 /* Frameworks */ = {
			isa = PBXFrameworksBuildPhase;
			buildActionMask = 2147483647;
			files = (
				C7F1BE628D7609FBD14A460F /* Pods_Shopkeeper.framework in Frameworks */,
			);
			runOnlyForDeploymentPostprocessing = 0;
		};
		80E8653924A225560059C076 /* Frameworks */ = {
			isa = PBXFrameworksBuildPhase;
			buildActionMask = 2147483647;
			files = (
				5175DB7A7C3F0053184A049B /* Pods_ShopkeeperTests.framework in Frameworks */,
			);
			runOnlyForDeploymentPostprocessing = 0;
		};
/* End PBXFrameworksBuildPhase section */

/* Begin PBXGroup section */
		2ADA89D1EA8BC7918BB3FBCB /* Pods */ = {
			isa = PBXGroup;
			children = (
				68E15CAC030318B0692D426A /* Pods-Shopkeeper.debug.xcconfig */,
				054421B6DD64CC4816BDE655 /* Pods-Shopkeeper.release.xcconfig */,
				DB5DD612D37EA68D2E1810A0 /* Pods-ShopkeeperTests.debug.xcconfig */,
				AC4D2F77F9F797BEC17AF2B2 /* Pods-ShopkeeperTests.release.xcconfig */,
			);
			path = Pods;
			sourceTree = "<group>";
		};
		80E8651A24A225530059C076 = {
			isa = PBXGroup;
			children = (
				80E8652524A225530059C076 /* Shopkeeper */,
				80E8653F24A225560059C076 /* ShopkeeperTests */,
				80E8652424A225530059C076 /* Products */,
				2ADA89D1EA8BC7918BB3FBCB /* Pods */,
				F6FAEE1643097956AFA31AC2 /* Frameworks */,
			);
			sourceTree = "<group>";
		};
		80E8652424A225530059C076 /* Products */ = {
			isa = PBXGroup;
			children = (
				80E8652324A225530059C076 /* Shopkeeper.app */,
				80E8653C24A225560059C076 /* ShopkeeperTests.xctest */,
			);
			name = Products;
			sourceTree = "<group>";
		};
		80E8652524A225530059C076 /* Shopkeeper */ = {
			isa = PBXGroup;
			children = (
				80EFE95A24A7760900CF03A1 /* ViewModel */,
				80EFE94E24A7756B00CF03A1 /* Extensions */,
				80EFE91224A71C1700CF03A1 /* Views */,
				80EF8A5B24A662FC008B0A3F /* Utils */,
				80EF8A3D24A661FF008B0A3F /* CoreDataService */,
				80EEA2DE24A634A300F3250E /* APIModels */,
				80E8654B24A23A270059C076 /* NetworkService */,
				80E8652624A225530059C076 /* AppDelegate.swift */,
				80E8652824A225530059C076 /* SceneDelegate.swift */,
				80E8653224A225550059C076 /* Assets.xcassets */,
				80E8653424A225550059C076 /* LaunchScreen.storyboard */,
				80E8653724A225550059C076 /* Info.plist */,
				80E8652F24A225530059C076 /* Shopkeeper.xcdatamodeld */,
			);
			path = Shopkeeper;
			sourceTree = "<group>";
		};
		80E8653F24A225560059C076 /* ShopkeeperTests */ = {
			isa = PBXGroup;
			children = (
				80E8654024A225560059C076 /* ShopkeeperTests.swift */,
				80E8654224A225560059C076 /* Info.plist */,
			);
			path = ShopkeeperTests;
			sourceTree = "<group>";
		};
		80E8654B24A23A270059C076 /* NetworkService */ = {
			isa = PBXGroup;
			children = (
				80EEA2CA24A6343200F3250E /* APIRequest */,
				80EEA2CE24A6343200F3250E /* APIResource */,
				80EEA2C824A6343200F3250E /* APIResponseType.swift */,
				80EEA2C924A6343200F3250E /* IAPIs.swift */,
				80EEA2CD24A6343200F3250E /* IHttpRequestGenerator.swift */,
				80EEA2D124A6343200F3250E /* INetworkRequestible.swift */,
				80EEA2D224A6343200F3250E /* URLProtocolMock.swift */,
				80EEA2D324A6343200F3250E /* URLSession+Additions.swift */,
			);
			path = NetworkService;
			sourceTree = "<group>";
		};
		80EEA2CA24A6343200F3250E /* APIRequest */ = {
			isa = PBXGroup;
			children = (
				80EEA2CB24A6343200F3250E /* HTTPClient.swift */,
				80EEA2CC24A6343200F3250E /* ServiceManager.swift */,
			);
			path = APIRequest;
			sourceTree = "<group>";
		};
		80EEA2CE24A6343200F3250E /* APIResource */ = {
			isa = PBXGroup;
			children = (
				80EEA2CF24A6343200F3250E /* ProductAPIResource.swift */,
				80EEA2D024A6343200F3250E /* IAPIResource.swift */,
			);
			path = APIResource;
			sourceTree = "<group>";
		};
		80EEA2DE24A634A300F3250E /* APIModels */ = {
			isa = PBXGroup;
			children = (
				80EEA2DF24A634C200F3250E /* CategoryRankingAPIResponse.swift */,
			);
			path = APIModels;
			sourceTree = "<group>";
		};
		80EF8A3D24A661FF008B0A3F /* CoreDataService */ = {
			isa = PBXGroup;
			children = (
				80EF8A4224A662BB008B0A3F /* CoreDataModels */,
				80EF8A3E24A6620C008B0A3F /* CoreDataManager.swift */,
				80EF8A3F24A6620C008B0A3F /* CoreDataOperations.swift */,
			);
			path = CoreDataService;
			sourceTree = "<group>";
		};
		80EF8A4224A662BB008B0A3F /* CoreDataModels */ = {
			isa = PBXGroup;
			children = (
				80EF8A4324A662BB008B0A3F /* Category+CoreDataProperties.swift */,
				80EF8A4424A662BB008B0A3F /* Product+CoreDataClass.swift */,
				80EF8A4524A662BB008B0A3F /* Product+CoreDataProperties.swift */,
				80EF8A4624A662BB008B0A3F /* Ranking+CoreDataClass.swift */,
				80EF8A4724A662BB008B0A3F /* Tax+CoreDataClass.swift */,
				80EF8A4824A662BB008B0A3F /* Variants+CoreDataProperties.swift */,
				80EF8A4924A662BB008B0A3F /* Variants+CoreDataClass.swift */,
				80EF8A4A24A662BB008B0A3F /* Category+CoreDataClass.swift */,
				80EF8A4B24A662BB008B0A3F /* Tax+CoreDataProperties.swift */,
				80EF8A4C24A662BB008B0A3F /* ChildCategory+CoreDataClass.swift */,
				80EF8A4D24A662BB008B0A3F /* ChildCategory+CoreDataProperties.swift */,
				80EF8A4E24A662BB008B0A3F /* Ranking+CoreDataProperties.swift */,
			);
			path = CoreDataModels;
			sourceTree = "<group>";
		};
		80EF8A5B24A662FC008B0A3F /* Utils */ = {
			isa = PBXGroup;
			children = (
				80EF8A5C24A6631F008B0A3F /* Helper.swift */,
			);
			path = Utils;
			sourceTree = "<group>";
		};
		80EFE91224A71C1700CF03A1 /* Views */ = {
			isa = PBXGroup;
			children = (
				80EFE95524A775AD00CF03A1 /* GenericCollectionDataSource */,
				80EFE91324A71C2100CF03A1 /* HomeScreen */,
			);
			path = Views;
			sourceTree = "<group>";
		};
		80EFE91324A71C2100CF03A1 /* HomeScreen */ = {
			isa = PBXGroup;
			children = (
				80EFE95D24A7769F00CF03A1 /* Main.storyboard */,
				80EFE91824A71C2100CF03A1 /* HomeViewController.swift */,
				80EFE91424A71C2100CF03A1 /* ViewModel */,
				80EFE91624A71C2100CF03A1 /* Navigation */,
				80EFE91924A71C2100CF03A1 /* Trending */,
				80EFE91F24A71C2100CF03A1 /* Header */,
			);
			path = HomeScreen;
			sourceTree = "<group>";
		};
		80EFE91424A71C2100CF03A1 /* ViewModel */ = {
			isa = PBXGroup;
			children = (
				80EFE91524A71C2100CF03A1 /* HomeViewModel.swift */,
			);
			path = ViewModel;
			sourceTree = "<group>";
		};
		80EFE91624A71C2100CF03A1 /* Navigation */ = {
			isa = PBXGroup;
			children = (
				80EFE91724A71C2100CF03A1 /* HomeNavigatorProtocol.swift */,
			);
			path = Navigation;
			sourceTree = "<group>";
		};
		80EFE91924A71C2100CF03A1 /* Trending */ = {
			isa = PBXGroup;
			children = (
				80EFE91A24A71C2100CF03A1 /* TrendingHeaderCollectionViewCell.xib */,
				80EFE91B24A71C2100CF03A1 /* DataSources.swift */,
				80EFE91C24A71C2100CF03A1 /* TrendingContentCollectionViewCell.swift */,
				80EFE91D24A71C2100CF03A1 /* TrendingHeaderCollectionViewCell.swift */,
				80EFE91E24A71C2100CF03A1 /* TrendingContentCollectionViewCell.xib */,
			);
			path = Trending;
			sourceTree = "<group>";
		};
		80EFE91F24A71C2100CF03A1 /* Header */ = {
			isa = PBXGroup;
			children = (
				80EFE92024A71C2100CF03A1 /* CategoryCollectionViewCell.swift */,
				80EFE92124A71C2100CF03A1 /* CategoryHeaderView.swift */,
				80EFE92224A71C2100CF03A1 /* CategoryCollectionViewCell.xib */,
				80EFE92324A71C2100CF03A1 /* CategoryHeaderView.xib */,
			);
			path = Header;
			sourceTree = "<group>";
		};
		80EFE94E24A7756B00CF03A1 /* Extensions */ = {
			isa = PBXGroup;
			children = (
				80EFE95024A7757F00CF03A1 /* ConfigurableCell.swift */,
				80EFE95124A7757F00CF03A1 /* NibLoabable.swift */,
				80EFE94F24A7757F00CF03A1 /* UIColor.swift */,
			);
			path = Extensions;
			sourceTree = "<group>";
		};
		80EFE95524A775AD00CF03A1 /* GenericCollectionDataSource */ = {
			isa = PBXGroup;
			children = (
				80EFE95724A775C800CF03A1 /* CollectionArrayDataSource.swift */,
				80EFE95624A775C800CF03A1 /* GenericCollectionDataSource.swift */,
			);
			path = GenericCollectionDataSource;
			sourceTree = "<group>";
		};
		80EFE95A24A7760900CF03A1 /* ViewModel */ = {
			isa = PBXGroup;
			children = (
				80EFE95B24A7761800CF03A1 /* CategoryProductViewModel.swift */,
			);
			path = ViewModel;
			sourceTree = "<group>";
		};
		F6FAEE1643097956AFA31AC2 /* Frameworks */ = {
			isa = PBXGroup;
			children = (
				693C6BE6830E07572D6F47D4 /* Pods_Shopkeeper.framework */,
				782926F8243F280A3BD86F57 /* Pods_ShopkeeperTests.framework */,
			);
			name = Frameworks;
			sourceTree = "<group>";
		};
/* End PBXGroup section */

/* Begin PBXNativeTarget section */
		80E8652224A225530059C076 /* Shopkeeper */ = {
			isa = PBXNativeTarget;
			buildConfigurationList = 80E8654524A225560059C076 /* Build configuration list for PBXNativeTarget "Shopkeeper" */;
			buildPhases = (
				B722AA37AFBA401F8592B118 /* [CP] Check Pods Manifest.lock */,
				80E8651F24A225530059C076 /* Sources */,
				80E8652024A225530059C076 /* Frameworks */,
				80E8652124A225530059C076 /* Resources */,
			);
			buildRules = (
			);
			dependencies = (
			);
			name = Shopkeeper;
			productName = Shopkeeper;
			productReference = 80E8652324A225530059C076 /* Shopkeeper.app */;
			productType = "com.apple.product-type.application";
		};
		80E8653B24A225560059C076 /* ShopkeeperTests */ = {
			isa = PBXNativeTarget;
			buildConfigurationList = 80E8654824A225560059C076 /* Build configuration list for PBXNativeTarget "ShopkeeperTests" */;
			buildPhases = (
				60E10F5A4295690EF045CD49 /* [CP] Check Pods Manifest.lock */,
				80E8653824A225560059C076 /* Sources */,
				80E8653924A225560059C076 /* Frameworks */,
				80E8653A24A225560059C076 /* Resources */,
			);
			buildRules = (
			);
			dependencies = (
				80E8653E24A225560059C076 /* PBXTargetDependency */,
			);
			name = ShopkeeperTests;
			productName = ShopkeeperTests;
			productReference = 80E8653C24A225560059C076 /* ShopkeeperTests.xctest */;
			productType = "com.apple.product-type.bundle.unit-test";
		};
/* End PBXNativeTarget section */

/* Begin PBXProject section */
		80E8651B24A225530059C076 /* Project object */ = {
			isa = PBXProject;
			attributes = {
				LastSwiftUpdateCheck = 1130;
				LastUpgradeCheck = 1130;
				ORGANIZATIONNAME = "Vivek Gupta";
				TargetAttributes = {
					80E8652224A225530059C076 = {
						CreatedOnToolsVersion = 11.3.1;
					};
					80E8653B24A225560059C076 = {
						CreatedOnToolsVersion = 11.3.1;
						TestTargetID = 80E8652224A225530059C076;
					};
				};
			};
			buildConfigurationList = 80E8651E24A225530059C076 /* Build configuration list for PBXProject "Shopkeeper" */;
			compatibilityVersion = "Xcode 9.3";
			developmentRegion = en;
			hasScannedForEncodings = 0;
			knownRegions = (
				en,
				Base,
			);
			mainGroup = 80E8651A24A225530059C076;
			productRefGroup = 80E8652424A225530059C076 /* Products */;
			projectDirPath = "";
			projectRoot = "";
			targets = (
				80E8652224A225530059C076 /* Shopkeeper */,
				80E8653B24A225560059C076 /* ShopkeeperTests */,
			);
		};
/* End PBXProject section */

/* Begin PBXResourcesBuildPhase section */
		80E8652124A225530059C076 /* Resources */ = {
			isa = PBXResourcesBuildPhase;
			buildActionMask = 2147483647;
			files = (
				80EFE95E24A7769F00CF03A1 /* Main.storyboard in Resources */,
				80EFE92E24A71C2100CF03A1 /* CategoryCollectionViewCell.xib in Resources */,
				80EFE92B24A71C2100CF03A1 /* TrendingContentCollectionViewCell.xib in Resources */,
				80EFE92724A71C2100CF03A1 /* TrendingHeaderCollectionViewCell.xib in Resources */,
				80EFE92F24A71C2100CF03A1 /* CategoryHeaderView.xib in Resources */,
				80E8653624A225550059C076 /* LaunchScreen.storyboard in Resources */,
				80E8653324A225550059C076 /* Assets.xcassets in Resources */,
			);
			runOnlyForDeploymentPostprocessing = 0;
		};
		80E8653A24A225560059C076 /* Resources */ = {
			isa = PBXResourcesBuildPhase;
			buildActionMask = 2147483647;
			files = (
			);
			runOnlyForDeploymentPostprocessing = 0;
		};
/* End PBXResourcesBuildPhase section */

/* Begin PBXShellScriptBuildPhase section */
		60E10F5A4295690EF045CD49 /* [CP] Check Pods Manifest.lock */ = {
			isa = PBXShellScriptBuildPhase;
			buildActionMask = 2147483647;
			files = (
			);
			inputFileListPaths = (
			);
			inputPaths = (
				"${PODS_PODFILE_DIR_PATH}/Podfile.lock",
				"${PODS_ROOT}/Manifest.lock",
			);
			name = "[CP] Check Pods Manifest.lock";
			outputFileListPaths = (
			);
			outputPaths = (
				"$(DERIVED_FILE_DIR)/Pods-ShopkeeperTests-checkManifestLockResult.txt",
			);
			runOnlyForDeploymentPostprocessing = 0;
			shellPath = /bin/sh;
			shellScript = "diff \"${PODS_PODFILE_DIR_PATH}/Podfile.lock\" \"${PODS_ROOT}/Manifest.lock\" > /dev/null\nif [ $? != 0 ] ; then\n    # print error to STDERR\n    echo \"error: The sandbox is not in sync with the Podfile.lock. Run 'pod install' or update your CocoaPods installation.\" >&2\n    exit 1\nfi\n# This output is used by Xcode 'outputs' to avoid re-running this script phase.\necho \"SUCCESS\" > \"${SCRIPT_OUTPUT_FILE_0}\"\n";
			showEnvVarsInLog = 0;
		};
		B722AA37AFBA401F8592B118 /* [CP] Check Pods Manifest.lock */ = {
			isa = PBXShellScriptBuildPhase;
			buildActionMask = 2147483647;
			files = (
			);
			inputFileListPaths = (
			);
			inputPaths = (
				"${PODS_PODFILE_DIR_PATH}/Podfile.lock",
				"${PODS_ROOT}/Manifest.lock",
			);
			name = "[CP] Check Pods Manifest.lock";
			outputFileListPaths = (
			);
			outputPaths = (
				"$(DERIVED_FILE_DIR)/Pods-Shopkeeper-checkManifestLockResult.txt",
			);
			runOnlyForDeploymentPostprocessing = 0;
			shellPath = /bin/sh;
			shellScript = "diff \"${PODS_PODFILE_DIR_PATH}/Podfile.lock\" \"${PODS_ROOT}/Manifest.lock\" > /dev/null\nif [ $? != 0 ] ; then\n    # print error to STDERR\n    echo \"error: The sandbox is not in sync with the Podfile.lock. Run 'pod install' or update your CocoaPods installation.\" >&2\n    exit 1\nfi\n# This output is used by Xcode 'outputs' to avoid re-running this script phase.\necho \"SUCCESS\" > \"${SCRIPT_OUTPUT_FILE_0}\"\n";
			showEnvVarsInLog = 0;
		};
/* End PBXShellScriptBuildPhase section */

/* Begin PBXSourcesBuildPhase section */
		80E8651F24A225530059C076 /* Sources */ = {
			isa = PBXSourcesBuildPhase;
			buildActionMask = 2147483647;
			files = (
				80EF8A4124A6620D008B0A3F /* CoreDataOperations.swift in Sources */,
				80EF8A4F24A662BC008B0A3F /* Category+CoreDataProperties.swift in Sources */,
				80EEA2DB24A6343200F3250E /* INetworkRequestible.swift in Sources */,
				80EFE92C24A71C2100CF03A1 /* CategoryCollectionViewCell.swift in Sources */,
				80EF8A5724A662BC008B0A3F /* Tax+CoreDataProperties.swift in Sources */,
				80EEA2DC24A6343200F3250E /* URLProtocolMock.swift in Sources */,
				80EEA2D824A6343200F3250E /* IHttpRequestGenerator.swift in Sources */,
				80EFE92924A71C2100CF03A1 /* TrendingContentCollectionViewCell.swift in Sources */,
				80EEA2E024A634C200F3250E /* CategoryRankingAPIResponse.swift in Sources */,
				80EFE92A24A71C2100CF03A1 /* TrendingHeaderCollectionViewCell.swift in Sources */,
				80EFE95324A7757F00CF03A1 /* ConfigurableCell.swift in Sources */,
				80EF8A5424A662BC008B0A3F /* Variants+CoreDataProperties.swift in Sources */,
				80E8653124A225530059C076 /* Shopkeeper.xcdatamodeld in Sources */,
				80EEA2D424A6343200F3250E /* APIResponseType.swift in Sources */,
				80EEA2D724A6343200F3250E /* ServiceManager.swift in Sources */,
				80EFE95824A775C800CF03A1 /* GenericCollectionDataSource.swift in Sources */,
				80EF8A5124A662BC008B0A3F /* Product+CoreDataProperties.swift in Sources */,
				80EEA2D624A6343200F3250E /* HTTPClient.swift in Sources */,
				80EF8A5924A662BC008B0A3F /* ChildCategory+CoreDataProperties.swift in Sources */,
				80EFE95C24A7761800CF03A1 /* CategoryProductViewModel.swift in Sources */,
				80EF8A5024A662BC008B0A3F /* Product+CoreDataClass.swift in Sources */,
				80E8652724A225530059C076 /* AppDelegate.swift in Sources */,
				80EF8A5D24A6631F008B0A3F /* Helper.swift in Sources */,
				80EEA2D524A6343200F3250E /* IAPIs.swift in Sources */,
				80EFE95224A7757F00CF03A1 /* UIColor.swift in Sources */,
				80EF8A5324A662BC008B0A3F /* Tax+CoreDataClass.swift in Sources */,
				80EFE92824A71C2100CF03A1 /* DataSources.swift in Sources */,
				80EF8A5824A662BC008B0A3F /* ChildCategory+CoreDataClass.swift in Sources */,
				80EF8A5224A662BC008B0A3F /* Ranking+CoreDataClass.swift in Sources */,
				80EEA2DD24A6343200F3250E /* URLSession+Additions.swift in Sources */,
				80EFE95924A775C800CF03A1 /* CollectionArrayDataSource.swift in Sources */,
				80EF8A5524A662BC008B0A3F /* Variants+CoreDataClass.swift in Sources */,
				80EEA2D924A6343200F3250E /* ProductAPIResource.swift in Sources */,
				80EEA2DA24A6343200F3250E /* IAPIResource.swift in Sources */,
				80EF8A4024A6620D008B0A3F /* CoreDataManager.swift in Sources */,
				80EF8A5624A662BC008B0A3F /* Category+CoreDataClass.swift in Sources */,
				80EFE92524A71C2100CF03A1 /* HomeNavigatorProtocol.swift in Sources */,
				80EFE92D24A71C2100CF03A1 /* CategoryHeaderView.swift in Sources */,
				80EFE92624A71C2100CF03A1 /* HomeViewController.swift in Sources */,
				80EF8A5A24A662BC008B0A3F /* Ranking+CoreDataProperties.swift in Sources */,
				80EFE95424A7757F00CF03A1 /* NibLoabable.swift in Sources */,
				80EFE92424A71C2100CF03A1 /* HomeViewModel.swift in Sources */,
				80E8652924A225530059C076 /* SceneDelegate.swift in Sources */,
			);
			runOnlyForDeploymentPostprocessing = 0;
		};
		80E8653824A225560059C076 /* Sources */ = {
			isa = PBXSourcesBuildPhase;
			buildActionMask = 2147483647;
			files = (
				80E8654124A225560059C076 /* ShopkeeperTests.swift in Sources */,
			);
			runOnlyForDeploymentPostprocessing = 0;
		};
/* End PBXSourcesBuildPhase section */

/* Begin PBXTargetDependency section */
		80E8653E24A225560059C076 /* PBXTargetDependency */ = {
			isa = PBXTargetDependency;
			target = 80E8652224A225530059C076 /* Shopkeeper */;
			targetProxy = 80E8653D24A225560059C076 /* PBXContainerItemProxy */;
		};
/* End PBXTargetDependency section */

/* Begin PBXVariantGroup section */
		80E8653424A225550059C076 /* LaunchScreen.storyboard */ = {
			isa = PBXVariantGroup;
			children = (
				80E8653524A225550059C076 /* Base */,
			);
			name = LaunchScreen.storyboard;
			sourceTree = "<group>";
		};
/* End PBXVariantGroup section */

/* Begin XCBuildConfiguration section */
		80E8654324A225560059C076 /* Debug */ = {
			isa = XCBuildConfiguration;
			buildSettings = {
				ALWAYS_SEARCH_USER_PATHS = NO;
				CLANG_ANALYZER_NONNULL = YES;
				CLANG_ANALYZER_NUMBER_OBJECT_CONVERSION = YES_AGGRESSIVE;
				CLANG_CXX_LANGUAGE_STANDARD = "gnu++14";
				CLANG_CXX_LIBRARY = "libc++";
				CLANG_ENABLE_MODULES = YES;
				CLANG_ENABLE_OBJC_ARC = YES;
				CLANG_ENABLE_OBJC_WEAK = YES;
				CLANG_WARN_BLOCK_CAPTURE_AUTORELEASING = YES;
				CLANG_WARN_BOOL_CONVERSION = YES;
				CLANG_WARN_COMMA = YES;
				CLANG_WARN_CONSTANT_CONVERSION = YES;
				CLANG_WARN_DEPRECATED_OBJC_IMPLEMENTATIONS = YES;
				CLANG_WARN_DIRECT_OBJC_ISA_USAGE = YES_ERROR;
				CLANG_WARN_DOCUMENTATION_COMMENTS = YES;
				CLANG_WARN_EMPTY_BODY = YES;
				CLANG_WARN_ENUM_CONVERSION = YES;
				CLANG_WARN_INFINITE_RECURSION = YES;
				CLANG_WARN_INT_CONVERSION = YES;
				CLANG_WARN_NON_LITERAL_NULL_CONVERSION = YES;
				CLANG_WARN_OBJC_IMPLICIT_RETAIN_SELF = YES;
				CLANG_WARN_OBJC_LITERAL_CONVERSION = YES;
				CLANG_WARN_OBJC_ROOT_CLASS = YES_ERROR;
				CLANG_WARN_RANGE_LOOP_ANALYSIS = YES;
				CLANG_WARN_STRICT_PROTOTYPES = YES;
				CLANG_WARN_SUSPICIOUS_MOVE = YES;
				CLANG_WARN_UNGUARDED_AVAILABILITY = YES_AGGRESSIVE;
				CLANG_WARN_UNREACHABLE_CODE = YES;
				CLANG_WARN__DUPLICATE_METHOD_MATCH = YES;
				COPY_PHASE_STRIP = NO;
				DEBUG_INFORMATION_FORMAT = dwarf;
				ENABLE_STRICT_OBJC_MSGSEND = YES;
				ENABLE_TESTABILITY = YES;
				GCC_C_LANGUAGE_STANDARD = gnu11;
				GCC_DYNAMIC_NO_PIC = NO;
				GCC_NO_COMMON_BLOCKS = YES;
				GCC_OPTIMIZATION_LEVEL = 0;
				GCC_PREPROCESSOR_DEFINITIONS = (
					"DEBUG=1",
					"$(inherited)",
				);
				GCC_WARN_64_TO_32_BIT_CONVERSION = YES;
				GCC_WARN_ABOUT_RETURN_TYPE = YES_ERROR;
				GCC_WARN_UNDECLARED_SELECTOR = YES;
				GCC_WARN_UNINITIALIZED_AUTOS = YES_AGGRESSIVE;
				GCC_WARN_UNUSED_FUNCTION = YES;
				GCC_WARN_UNUSED_VARIABLE = YES;
				IPHONEOS_DEPLOYMENT_TARGET = 13.2;
				MTL_ENABLE_DEBUG_INFO = INCLUDE_SOURCE;
				MTL_FAST_MATH = YES;
				ONLY_ACTIVE_ARCH = YES;
				SDKROOT = iphoneos;
				SWIFT_ACTIVE_COMPILATION_CONDITIONS = DEBUG;
				SWIFT_OPTIMIZATION_LEVEL = "-Onone";
			};
			name = Debug;
		};
		80E8654424A225560059C076 /* Release */ = {
			isa = XCBuildConfiguration;
			buildSettings = {
				ALWAYS_SEARCH_USER_PATHS = NO;
				CLANG_ANALYZER_NONNULL = YES;
				CLANG_ANALYZER_NUMBER_OBJECT_CONVERSION = YES_AGGRESSIVE;
				CLANG_CXX_LANGUAGE_STANDARD = "gnu++14";
				CLANG_CXX_LIBRARY = "libc++";
				CLANG_ENABLE_MODULES = YES;
				CLANG_ENABLE_OBJC_ARC = YES;
				CLANG_ENABLE_OBJC_WEAK = YES;
				CLANG_WARN_BLOCK_CAPTURE_AUTORELEASING = YES;
				CLANG_WARN_BOOL_CONVERSION = YES;
				CLANG_WARN_COMMA = YES;
				CLANG_WARN_CONSTANT_CONVERSION = YES;
				CLANG_WARN_DEPRECATED_OBJC_IMPLEMENTATIONS = YES;
				CLANG_WARN_DIRECT_OBJC_ISA_USAGE = YES_ERROR;
				CLANG_WARN_DOCUMENTATION_COMMENTS = YES;
				CLANG_WARN_EMPTY_BODY = YES;
				CLANG_WARN_ENUM_CONVERSION = YES;
				CLANG_WARN_INFINITE_RECURSION = YES;
				CLANG_WARN_INT_CONVERSION = YES;
				CLANG_WARN_NON_LITERAL_NULL_CONVERSION = YES;
				CLANG_WARN_OBJC_IMPLICIT_RETAIN_SELF = YES;
				CLANG_WARN_OBJC_LITERAL_CONVERSION = YES;
				CLANG_WARN_OBJC_ROOT_CLASS = YES_ERROR;
				CLANG_WARN_RANGE_LOOP_ANALYSIS = YES;
				CLANG_WARN_STRICT_PROTOTYPES = YES;
				CLANG_WARN_SUSPICIOUS_MOVE = YES;
				CLANG_WARN_UNGUARDED_AVAILABILITY = YES_AGGRESSIVE;
				CLANG_WARN_UNREACHABLE_CODE = YES;
				CLANG_WARN__DUPLICATE_METHOD_MATCH = YES;
				COPY_PHASE_STRIP = NO;
				DEBUG_INFORMATION_FORMAT = "dwarf-with-dsym";
				ENABLE_NS_ASSERTIONS = NO;
				ENABLE_STRICT_OBJC_MSGSEND = YES;
				GCC_C_LANGUAGE_STANDARD = gnu11;
				GCC_NO_COMMON_BLOCKS = YES;
				GCC_WARN_64_TO_32_BIT_CONVERSION = YES;
				GCC_WARN_ABOUT_RETURN_TYPE = YES_ERROR;
				GCC_WARN_UNDECLARED_SELECTOR = YES;
				GCC_WARN_UNINITIALIZED_AUTOS = YES_AGGRESSIVE;
				GCC_WARN_UNUSED_FUNCTION = YES;
				GCC_WARN_UNUSED_VARIABLE = YES;
				IPHONEOS_DEPLOYMENT_TARGET = 13.2;
				MTL_ENABLE_DEBUG_INFO = NO;
				MTL_FAST_MATH = YES;
				SDKROOT = iphoneos;
				SWIFT_COMPILATION_MODE = wholemodule;
				SWIFT_OPTIMIZATION_LEVEL = "-O";
				VALIDATE_PRODUCT = YES;
			};
			name = Release;
		};
		80E8654624A225560059C076 /* Debug */ = {
			isa = XCBuildConfiguration;
			baseConfigurationReference = 68E15CAC030318B0692D426A /* Pods-Shopkeeper.debug.xcconfig */;
			buildSettings = {
				ASSETCATALOG_COMPILER_APPICON_NAME = AppIcon;
				CODE_SIGN_STYLE = Automatic;
				INFOPLIST_FILE = Shopkeeper/Info.plist;
				LD_RUNPATH_SEARCH_PATHS = (
					"$(inherited)",
					"@executable_path/Frameworks",
				);
				PRODUCT_BUNDLE_IDENTIFIER = com.raweng.sandbox.Shopkeeper;
				PRODUCT_NAME = "$(TARGET_NAME)";
				SWIFT_VERSION = 5.0;
				TARGETED_DEVICE_FAMILY = "1,2";
			};
			name = Debug;
		};
		80E8654724A225560059C076 /* Release */ = {
			isa = XCBuildConfiguration;
			baseConfigurationReference = 054421B6DD64CC4816BDE655 /* Pods-Shopkeeper.release.xcconfig */;
			buildSettings = {
				ASSETCATALOG_COMPILER_APPICON_NAME = AppIcon;
				CODE_SIGN_STYLE = Automatic;
				INFOPLIST_FILE = Shopkeeper/Info.plist;
				LD_RUNPATH_SEARCH_PATHS = (
					"$(inherited)",
					"@executable_path/Frameworks",
				);
				PRODUCT_BUNDLE_IDENTIFIER = com.raweng.sandbox.Shopkeeper;
				PRODUCT_NAME = "$(TARGET_NAME)";
				SWIFT_VERSION = 5.0;
				TARGETED_DEVICE_FAMILY = "1,2";
			};
			name = Release;
		};
		80E8654924A225560059C076 /* Debug */ = {
			isa = XCBuildConfiguration;
			baseConfigurationReference = DB5DD612D37EA68D2E1810A0 /* Pods-ShopkeeperTests.debug.xcconfig */;
			buildSettings = {
				ALWAYS_EMBED_SWIFT_STANDARD_LIBRARIES = YES;
				BUNDLE_LOADER = "$(TEST_HOST)";
				CODE_SIGN_STYLE = Automatic;
				INFOPLIST_FILE = ShopkeeperTests/Info.plist;
				IPHONEOS_DEPLOYMENT_TARGET = 13.2;
				LD_RUNPATH_SEARCH_PATHS = (
					"$(inherited)",
					"@executable_path/Frameworks",
					"@loader_path/Frameworks",
				);
				PRODUCT_BUNDLE_IDENTIFIER = com.raweng.sandbox.ShopkeeperTests;
				PRODUCT_NAME = "$(TARGET_NAME)";
				SWIFT_VERSION = 5.0;
				TARGETED_DEVICE_FAMILY = "1,2";
				TEST_HOST = "$(BUILT_PRODUCTS_DIR)/Shopkeeper.app/Shopkeeper";
			};
			name = Debug;
		};
		80E8654A24A225560059C076 /* Release */ = {
			isa = XCBuildConfiguration;
			baseConfigurationReference = AC4D2F77F9F797BEC17AF2B2 /* Pods-ShopkeeperTests.release.xcconfig */;
			buildSettings = {
				ALWAYS_EMBED_SWIFT_STANDARD_LIBRARIES = YES;
				BUNDLE_LOADER = "$(TEST_HOST)";
				CODE_SIGN_STYLE = Automatic;
				INFOPLIST_FILE = ShopkeeperTests/Info.plist;
				IPHONEOS_DEPLOYMENT_TARGET = 13.2;
				LD_RUNPATH_SEARCH_PATHS = (
					"$(inherited)",
					"@executable_path/Frameworks",
					"@loader_path/Frameworks",
				);
				PRODUCT_BUNDLE_IDENTIFIER = com.raweng.sandbox.ShopkeeperTests;
				PRODUCT_NAME = "$(TARGET_NAME)";
				SWIFT_VERSION = 5.0;
				TARGETED_DEVICE_FAMILY = "1,2";
				TEST_HOST = "$(BUILT_PRODUCTS_DIR)/Shopkeeper.app/Shopkeeper";
			};
			name = Release;
		};
/* End XCBuildConfiguration section */

/* Begin XCConfigurationList section */
		80E8651E24A225530059C076 /* Build configuration list for PBXProject "Shopkeeper" */ = {
			isa = XCConfigurationList;
			buildConfigurations = (
				80E8654324A225560059C076 /* Debug */,
				80E8654424A225560059C076 /* Release */,
			);
			defaultConfigurationIsVisible = 0;
			defaultConfigurationName = Release;
		};
		80E8654524A225560059C076 /* Build configuration list for PBXNativeTarget "Shopkeeper" */ = {
			isa = XCConfigurationList;
			buildConfigurations = (
				80E8654624A225560059C076 /* Debug */,
				80E8654724A225560059C076 /* Release */,
			);
			defaultConfigurationIsVisible = 0;
			defaultConfigurationName = Release;
		};
		80E8654824A225560059C076 /* Build configuration list for PBXNativeTarget "ShopkeeperTests" */ = {
			isa = XCConfigurationList;
			buildConfigurations = (
				80E8654924A225560059C076 /* Debug */,
				80E8654A24A225560059C076 /* Release */,
			);
			defaultConfigurationIsVisible = 0;
			defaultConfigurationName = Release;
		};
/* End XCConfigurationList section */

/* Begin XCVersionGroup section */
		80E8652F24A225530059C076 /* Shopkeeper.xcdatamodeld */ = {
			isa = XCVersionGroup;
			children = (
				80E8653024A225530059C076 /* Shopkeeper.xcdatamodel */,
			);
			currentVersion = 80E8653024A225530059C076 /* Shopkeeper.xcdatamodel */;
			path = Shopkeeper.xcdatamodeld;
			sourceTree = "<group>";
			versionGroupType = wrapper.xcdatamodel;
		};
/* End XCVersionGroup section */
	};
	rootObject = 80E8651B24A225530059C076 /* Project object */;
}
